// !$*UTF8*$!
{
	archiveVersion = 1;
	classes = {
	};
	objectVersion = 50;
	objects = {

/* Begin PBXBuildFile section */
		66BE1FF72531FD5C001DEE74 /* AppDelegate.swift in Sources */ = {isa = PBXBuildFile; fileRef = 66BE1FF62531FD5C001DEE74 /* AppDelegate.swift */; };
		66BE1FF92531FD5C001DEE74 /* ViewController.swift in Sources */ = {isa = PBXBuildFile; fileRef = 66BE1FF82531FD5C001DEE74 /* ViewController.swift */; };
		66BE1FFB2531FD60001DEE74 /* Assets.xcassets in Resources */ = {isa = PBXBuildFile; fileRef = 66BE1FFA2531FD60001DEE74 /* Assets.xcassets */; };
		66BE1FFE2531FD60001DEE74 /* Main.storyboard in Resources */ = {isa = PBXBuildFile; fileRef = 66BE1FFC2531FD60001DEE74 /* Main.storyboard */; };
		66BE200925447F40001DEE74 /* TimedLevelIndicator.swift in Sources */ = {isa = PBXBuildFile; fileRef = 66BE200825447F40001DEE74 /* TimedLevelIndicator.swift */; };
/* End PBXBuildFile section */

/* Begin PBXFileReference section */
		66BE1FF32531FD5C001DEE74 /* stay-awake.app */ = {isa = PBXFileReference; explicitFileType = wrapper.application; includeInIndex = 0; path = "stay-awake.app"; sourceTree = BUILT_PRODUCTS_DIR; };
		66BE1FF62531FD5C001DEE74 /* AppDelegate.swift */ = {isa = PBXFileReference; lastKnownFileType = sourcecode.swift; path = AppDelegate.swift; sourceTree = "<group>"; };
		66BE1FF82531FD5C001DEE74 /* ViewController.swift */ = {isa = PBXFileReference; lastKnownFileType = sourcecode.swift; path = ViewController.swift; sourceTree = "<group>"; };
		66BE1FFA2531FD60001DEE74 /* Assets.xcassets */ = {isa = PBXFileReference; lastKnownFileType = folder.assetcatalog; path = Assets.xcassets; sourceTree = "<group>"; };
		66BE1FFD2531FD60001DEE74 /* Base */ = {isa = PBXFileReference; lastKnownFileType = file.storyboard; name = Base; path = Base.lproj/Main.storyboard; sourceTree = "<group>"; };
		66BE1FFF2531FD60001DEE74 /* Info.plist */ = {isa = PBXFileReference; lastKnownFileType = text.plist.xml; path = Info.plist; sourceTree = "<group>"; };
		66BE20002531FD60001DEE74 /* stay_awake.entitlements */ = {isa = PBXFileReference; lastKnownFileType = text.plist.entitlements; path = stay_awake.entitlements; sourceTree = "<group>"; };
		66BE200825447F40001DEE74 /* TimedLevelIndicator.swift */ = {isa = PBXFileReference; lastKnownFileType = sourcecode.swift; path = TimedLevelIndicator.swift; sourceTree = "<group>"; };
/* End PBXFileReference section */

/* Begin PBXFrameworksBuildPhase section */
		66BE1FF02531FD5C001DEE74 /* Frameworks */ = {
			isa = PBXFrameworksBuildPhase;
			buildActionMask = 2147483647;
			files = (
			);
			runOnlyForDeploymentPostprocessing = 0;
		};
/* End PBXFrameworksBuildPhase section */

/* Begin PBXGroup section */
		66BE1FEA2531FD5C001DEE74 = {
			isa = PBXGroup;
			children = (
				66BE1FF52531FD5C001DEE74 /* stay-awake */,
				66BE1FF42531FD5C001DEE74 /* Products */,
			);
			sourceTree = "<group>";
		};
		66BE1FF42531FD5C001DEE74 /* Products */ = {
			isa = PBXGroup;
			children = (
				66BE1FF32531FD5C001DEE74 /* stay-awake.app */,
			);
			name = Products;
			sourceTree = "<group>";
		};
		66BE1FF52531FD5C001DEE74 /* stay-awake */ = {
			isa = PBXGroup;
			children = (
				66BE1FF62531FD5C001DEE74 /* AppDelegate.swift */,
				66BE1FF82531FD5C001DEE74 /* ViewController.swift */,
				66BE1FFA2531FD60001DEE74 /* Assets.xcassets */,
				66BE1FFC2531FD60001DEE74 /* Main.storyboard */,
				66BE1FFF2531FD60001DEE74 /* Info.plist */,
				66BE20002531FD60001DEE74 /* stay_awake.entitlements */,
				66BE200825447F40001DEE74 /* TimedLevelIndicator.swift */,
			);
			path = "stay-awake";
			sourceTree = "<group>";
		};
/* End PBXGroup section */

/* Begin PBXNativeTarget section */
		66BE1FF22531FD5C001DEE74 /* stay-awake */ = {
			isa = PBXNativeTarget;
			buildConfigurationList = 66BE20032531FD60001DEE74 /* Build configuration list for PBXNativeTarget "stay-awake" */;
			buildPhases = (
				66BE1FEF2531FD5C001DEE74 /* Sources */,
				66BE1FF02531FD5C001DEE74 /* Frameworks */,
				66BE1FF12531FD5C001DEE74 /* Resources */,
			);
			buildRules = (
			);
			dependencies = (
			);
			name = "stay-awake";
			productName = "stay-awake";
			productReference = 66BE1FF32531FD5C001DEE74 /* stay-awake.app */;
			productType = "com.apple.product-type.application";
		};
/* End PBXNativeTarget section */

/* Begin PBXProject section */
		66BE1FEB2531FD5C001DEE74 /* Project object */ = {
			isa = PBXProject;
			attributes = {
				LastSwiftUpdateCheck = 1140;
				LastUpgradeCheck = 1140;
				ORGANIZATIONNAME = "Brian Sokas";
				TargetAttributes = {
					66BE1FF22531FD5C001DEE74 = {
						CreatedOnToolsVersion = 11.4;
					};
				};
			};
			buildConfigurationList = 66BE1FEE2531FD5C001DEE74 /* Build configuration list for PBXProject "stay-awake" */;
			compatibilityVersion = "Xcode 9.3";
			developmentRegion = en;
			hasScannedForEncodings = 0;
			knownRegions = (
				en,
				Base,
			);
			mainGroup = 66BE1FEA2531FD5C001DEE74;
			productRefGroup = 66BE1FF42531FD5C001DEE74 /* Products */;
			projectDirPath = "";
			projectRoot = "";
			targets = (
				66BE1FF22531FD5C001DEE74 /* stay-awake */,
			);
		};
/* End PBXProject section */

/* Begin PBXResourcesBuildPhase section */
		66BE1FF12531FD5C001DEE74 /* Resources */ = {
			isa = PBXResourcesBuildPhase;
			buildActionMask = 2147483647;
			files = (
				66BE1FFB2531FD60001DEE74 /* Assets.xcassets in Resources */,
				66BE1FFE2531FD60001DEE74 /* Main.storyboard in Resources */,
			);
			runOnlyForDeploymentPostprocessing = 0;
		};
/* End PBXResourcesBuildPhase section */

/* Begin PBXSourcesBuildPhase section */
		66BE1FEF2531FD5C001DEE74 /* Sources */ = {
			isa = PBXSourcesBuildPhase;
			buildActionMask = 2147483647;
			files = (
				66BE1FF92531FD5C001DEE74 /* ViewController.swift in Sources */,
				66BE1FF72531FD5C001DEE74 /* AppDelegate.swift in Sources */,
				66BE200925447F40001DEE74 /* TimedLevelIndicator.swift in Sources */,
			);
			runOnlyForDeploymentPostprocessing = 0;
		};
/* End PBXSourcesBuildPhase section */

/* Begin PBXVariantGroup section */
		66BE1FFC2531FD60001DEE74 /* Main.storyboard */ = {
			isa = PBXVariantGroup;
			children = (
				66BE1FFD2531FD60001DEE74 /* Base */,
			);
			name = Main.storyboard;
			sourceTree = "<group>";
		};
/* End PBXVariantGroup section */

/* Begin XCBuildConfiguration section */
		66BE20012531FD60001DEE74 /* Debug */ = {
			isa = XCBuildConfiguration;
			buildSettings = {
				ALWAYS_SEARCH_USER_PATHS = NO;
				CLANG_ANALYZER_NONNULL = YES;
				CLANG_ANALYZER_NUMBER_OBJECT_CONVERSION = YES_AGGRESSIVE;
				CLANG_CXX_LANGUAGE_STANDARD = "gnu++14";
				CLANG_CXX_LIBRARY = "libc++";
				CLANG_ENABLE_MODULES = YES;
				CLANG_ENABLE_OBJC_ARC = YES;
				CLANG_ENABLE_OBJC_WEAK = YES;
				CLANG_WARN_BLOCK_CAPTURE_AUTORELEASING = YES;
				CLANG_WARN_BOOL_CONVERSION = YES;
				CLANG_WARN_COMMA = YES;
				CLANG_WARN_CONSTANT_CONVERSION = YES;
				CLANG_WARN_DEPRECATED_OBJC_IMPLEMENTATIONS = YES;
				CLANG_WARN_DIRECT_OBJC_ISA_USAGE = YES_ERROR;
				CLANG_WARN_DOCUMENTATION_COMMENTS = YES;
				CLANG_WARN_EMPTY_BODY = YES;
				CLANG_WARN_ENUM_CONVERSION = YES;
				CLANG_WARN_INFINITE_RECURSION = YES;
				CLANG_WARN_INT_CONVERSION = YES;
				CLANG_WARN_NON_LITERAL_NULL_CONVERSION = YES;
				CLANG_WARN_OBJC_IMPLICIT_RETAIN_SELF = YES;
				CLANG_WARN_OBJC_LITERAL_CONVERSION = YES;
				CLANG_WARN_OBJC_ROOT_CLASS = YES_ERROR;
				CLANG_WARN_RANGE_LOOP_ANALYSIS = YES;
				CLANG_WARN_STRICT_PROTOTYPES = YES;
				CLANG_WARN_SUSPICIOUS_MOVE = YES;
				CLANG_WARN_UNGUARDED_AVAILABILITY = YES_AGGRESSIVE;
				CLANG_WARN_UNREACHABLE_CODE = YES;
				CLANG_WARN__DUPLICATE_METHOD_MATCH = YES;
				COPY_PHASE_STRIP = NO;
				DEBUG_INFORMATION_FORMAT = dwarf;
				ENABLE_STRICT_OBJC_MSGSEND = YES;
				ENABLE_TESTABILITY = YES;
				GCC_C_LANGUAGE_STANDARD = gnu11;
				GCC_DYNAMIC_NO_PIC = NO;
				GCC_NO_COMMON_BLOCKS = YES;
				GCC_OPTIMIZATION_LEVEL = 0;
				GCC_PREPROCESSOR_DEFINITIONS = (
					"DEBUG=1",
					"$(inherited)",
				);
				GCC_WARN_64_TO_32_BIT_CONVERSION = YES;
				GCC_WARN_ABOUT_RETURN_TYPE = YES_ERROR;
				GCC_WARN_UNDECLARED_SELECTOR = YES;
				GCC_WARN_UNINITIALIZED_AUTOS = YES_AGGRESSIVE;
				GCC_WARN_UNUSED_FUNCTION = YES;
				GCC_WARN_UNUSED_VARIABLE = YES;
				MACOSX_DEPLOYMENT_TARGET = 10.15;
				MTL_ENABLE_DEBUG_INFO = INCLUDE_SOURCE;
				MTL_FAST_MATH = YES;
				ONLY_ACTIVE_ARCH = YES;
				SDKROOT = macosx;
				SWIFT_ACTIVE_COMPILATION_CONDITIONS = DEBUG;
				SWIFT_OPTIMIZATION_LEVEL = "-Onone";
			};
			name = Debug;
		};
		66BE20022531FD60001DEE74 /* Release */ = {
			isa = XCBuildConfiguration;
			buildSettings = {
				ALWAYS_SEARCH_USER_PATHS = NO;
				CLANG_ANALYZER_NONNULL = YES;
				CLANG_ANALYZER_NUMBER_OBJECT_CONVERSION = YES_AGGRESSIVE;
				CLANG_CXX_LANGUAGE_STANDARD = "gnu++14";
				CLANG_CXX_LIBRARY = "libc++";
				CLANG_ENABLE_MODULES = YES;
				CLANG_ENABLE_OBJC_ARC = YES;
				CLANG_ENABLE_OBJC_WEAK = YES;
				CLANG_WARN_BLOCK_CAPTURE_AUTORELEASING = YES;
				CLANG_WARN_BOOL_CONVERSION = YES;
				CLANG_WARN_COMMA = YES;
				CLANG_WARN_CONSTANT_CONVERSION = YES;
				CLANG_WARN_DEPRECATED_OBJC_IMPLEMENTATIONS = YES;
				CLANG_WARN_DIRECT_OBJC_ISA_USAGE = YES_ERROR;
				CLANG_WARN_DOCUMENTATION_COMMENTS = YES;
				CLANG_WARN_EMPTY_BODY = YES;
				CLANG_WARN_ENUM_CONVERSION = YES;
				CLANG_WARN_INFINITE_RECURSION = YES;
				CLANG_WARN_INT_CONVERSION = YES;
				CLANG_WARN_NON_LITERAL_NULL_CONVERSION = YES;
				CLANG_WARN_OBJC_IMPLICIT_RETAIN_SELF = YES;
				CLANG_WARN_OBJC_LITERAL_CONVERSION = YES;
				CLANG_WARN_OBJC_ROOT_CLASS = YES_ERROR;
				CLANG_WARN_RANGE_LOOP_ANALYSIS = YES;
				CLANG_WARN_STRICT_PROTOTYPES = YES;
				CLANG_WARN_SUSPICIOUS_MOVE = YES;
				CLANG_WARN_UNGUARDED_AVAILABILITY = YES_AGGRESSIVE;
				CLANG_WARN_UNREACHABLE_CODE = YES;
				CLANG_WARN__DUPLICATE_METHOD_MATCH = YES;
				COPY_PHASE_STRIP = NO;
				DEBUG_INFORMATION_FORMAT = "dwarf-with-dsym";
				ENABLE_NS_ASSERTIONS = NO;
				ENABLE_STRICT_OBJC_MSGSEND = YES;
				GCC_C_LANGUAGE_STANDARD = gnu11;
				GCC_NO_COMMON_BLOCKS = YES;
				GCC_WARN_64_TO_32_BIT_CONVERSION = YES;
				GCC_WARN_ABOUT_RETURN_TYPE = YES_ERROR;
				GCC_WARN_UNDECLARED_SELECTOR = YES;
				GCC_WARN_UNINITIALIZED_AUTOS = YES_AGGRESSIVE;
				GCC_WARN_UNUSED_FUNCTION = YES;
				GCC_WARN_UNUSED_VARIABLE = YES;
				MACOSX_DEPLOYMENT_TARGET = 10.15;
				MTL_ENABLE_DEBUG_INFO = NO;
				MTL_FAST_MATH = YES;
				SDKROOT = macosx;
				SWIFT_COMPILATION_MODE = wholemodule;
				SWIFT_OPTIMIZATION_LEVEL = "-O";
			};
			name = Release;
		};
		66BE20042531FD60001DEE74 /* Debug */ = {
			isa = XCBuildConfiguration;
			buildSettings = {
				ASSETCATALOG_COMPILER_APPICON_NAME = AppIcon;
				CODE_SIGN_ENTITLEMENTS = "stay-awake/stay_awake.entitlements";
				CODE_SIGN_STYLE = Automatic;
				COMBINE_HIDPI_IMAGES = YES;
				INFOPLIST_FILE = "stay-awake/Info.plist";
				LD_RUNPATH_SEARCH_PATHS = (
					"$(inherited)",
					"@executable_path/../Frameworks",
				);
				PRODUCT_BUNDLE_IDENTIFIER = "com.example.stay-awake";
				PRODUCT_NAME = "$(TARGET_NAME)";
				SWIFT_VERSION = 5.0;
			};
			name = Debug;
		};
		66BE20052531FD60001DEE74 /* Release */ = {
			isa = XCBuildConfiguration;
			buildSettings = {
				ASSETCATALOG_COMPILER_APPICON_NAME = AppIcon;
				CODE_SIGN_ENTITLEMENTS = "stay-awake/stay_awake.entitlements";
				CODE_SIGN_STYLE = Automatic;
				COMBINE_HIDPI_IMAGES = YES;
				INFOPLIST_FILE = "stay-awake/Info.plist";
				LD_RUNPATH_SEARCH_PATHS = (
					"$(inherited)",
					"@executable_path/../Frameworks",
				);
				PRODUCT_BUNDLE_IDENTIFIER = "com.example.stay-awake";
				PRODUCT_NAME = "$(TARGET_NAME)";
				SWIFT_VERSION = 5.0;
			};
			name = Release;
		};
/* End XCBuildConfiguration section */

/* Begin XCConfigurationList section */
		66BE1FEE2531FD5C001DEE74 /* Build configuration list for PBXProject "stay-awake" */ = {
			isa = XCConfigurationList;
			buildConfigurations = (
				66BE20012531FD60001DEE74 /* Debug */,
				66BE20022531FD60001DEE74 /* Release */,
			);
			defaultConfigurationIsVisible = 0;
			defaultConfigurationName = Release;
		};
		66BE20032531FD60001DEE74 /* Build configuration list for PBXNativeTarget "stay-awake" */ = {
			isa = XCConfigurationList;
			buildConfigurations = (
				66BE20042531FD60001DEE74 /* Debug */,
				66BE20052531FD60001DEE74 /* Release */,
			);
			defaultConfigurationIsVisible = 0;
			defaultConfigurationName = Release;
		};
/* End XCConfigurationList section */
	};
	rootObject = 66BE1FEB2531FD5C001DEE74 /* Project object */;
}
